
Microsoft Visual Studio Solution File, Format Version 12.00
# Visual Studio Version 17
VisualStudioVersion = 17.5.33516.290
MinimumVisualStudioVersion = 10.0.40219.1
Project("{FAE04EC0-301F-11D3-BF4B-00C04F79EFBC}") = "BookStoreCSharp", "BookStoreCSharp\BookStoreCSharp.csproj", "{7A45B7FD-F219-44A2-87D0-EAE175F4E74D}"
EndProject
Project("{FAE04EC0-301F-11D3-BF4B-00C04F79EFBC}") = "BookStoreCSharpBonus", "BookStoreCSharpBonus\BookStoreCSharpBonus.csproj", "{4A4E03C6-CEE2-439B-877A-0F844C3B9B39}"
EndProject
Global
	GlobalSection(SolutionConfigurationPlatforms) = preSolution
		Debug|Any CPU = Debug|Any CPU
		Release|Any CPU = Release|Any CPU
	EndGlobalSection
	GlobalSection(ProjectConfigurationPlatforms) = postSolution
		{7A45B7FD-F219-44A2-87D0-EAE175F4E74D}.Debug|Any CPU.ActiveCfg = Debug|Any CPU
		{7A45B7FD-F219-44A2-87D0-EAE175F4E74D}.Debug|Any CPU.Build.0 = Debug|Any CPU
		{7A45B7FD-F219-44A2-87D0-EAE175F4E74D}.Release|Any CPU.ActiveCfg = Release|Any CPU
		{7A45B7FD-F219-44A2-87D0-EAE175F4E74D}.Release|Any CPU.Build.0 = Release|Any CPU
		{4A4E03C6-CEE2-439B-877A-0F844C3B9B39}.Debug|Any CPU.ActiveCfg = Debug|Any CPU
		{4A4E03C6-CEE2-439B-877A-0F844C3B9B39}.Debug|Any CPU.Build.0 = Debug|Any CPU
		{4A4E03C6-CEE2-439B-877A-0F844C3B9B39}.Release|Any CPU.ActiveCfg = Release|Any CPU
		{4A4E03C6-CEE2-439B-877A-0F844C3B9B39}.Release|Any CPU.Build.0 = Release|Any CPU
	EndGlobalSection
	GlobalSection(SolutionProperties) = preSolution
		HideSolutionNode = FALSE
	EndGlobalSection
	GlobalSection(ExtensibilityGlobals) = postSolution
		SolutionGuid = {0B1C9964-935F-4F70-B7AF-BD03E67A7BEE}
	EndGlobalSection
EndGlobal
